
Microsoft Visual Studio Solution File, Format Version 12.00
# Visual Studio Version 17
VisualStudioVersion = 17.8.34330.188
MinimumVisualStudioVersion = 10.0.40219.1
Project("{9A19103F-16F7-4668-BE54-9A1E7A4F7556}") = "WebApplication3", "WebApplication3.csproj", "{CA7DF258-BA73-4846-801C-E6DB881D1C1E}"
EndProject
Global
	GlobalSection(SolutionConfigurationPlatforms) = preSolution
		Debug|Any CPU = Debug|Any CPU
		Release|Any CPU = Release|Any CPU
	EndGlobalSection
	GlobalSection(ProjectConfigurationPlatforms) = postSolution
		{CA7DF258-BA73-4846-801C-E6DB881D1C1E}.Debug|Any CPU.ActiveCfg = Debug|Any CPU
		{CA7DF258-BA73-4846-801C-E6DB881D1C1E}.Debug|Any CPU.Build.0 = Debug|Any CPU
		{CA7DF258-BA73-4846-801C-E6DB881D1C1E}.Release|Any CPU.ActiveCfg = Release|Any CPU
		{CA7DF258-BA73-4846-801C-E6DB881D1C1E}.Release|Any CPU.Build.0 = Release|Any CPU
	EndGlobalSection
	GlobalSection(SolutionProperties) = preSolution
		HideSolutionNode = FALSE
	EndGlobalSection
	GlobalSection(ExtensibilityGlobals) = postSolution
		SolutionGuid = {4D6BB0F1-5CDF-45B8-900E-FBE2593954EA}
	EndGlobalSection
EndGlobal
